
Microsoft Visual Studio Solution File, Format Version 12.00
# Visual Studio Version 16
VisualStudioVersion = 16.0.33130.400
MinimumVisualStudioVersion = 10.0.40219.1
Project("{FAE04EC0-301F-11D3-BF4B-00C04F79EFBC}") = "Casgem_Portfolio", "Casgem_Portfolio\Casgem_Portfolio.csproj", "{A8E1CD37-8D21-40D4-AEE9-AF415F4804AD}"
EndProject
Global
	GlobalSection(SolutionConfigurationPlatforms) = preSolution
		Debug|Any CPU = Debug|Any CPU
		Release|Any CPU = Release|Any CPU
	EndGlobalSection
	GlobalSection(ProjectConfigurationPlatforms) = postSolution
		{A8E1CD37-8D21-40D4-AEE9-AF415F4804AD}.Debug|Any CPU.ActiveCfg = Debug|Any CPU
		{A8E1CD37-8D21-40D4-AEE9-AF415F4804AD}.Debug|Any CPU.Build.0 = Debug|Any CPU
		{A8E1CD37-8D21-40D4-AEE9-AF415F4804AD}.Release|Any CPU.ActiveCfg = Release|Any CPU
		{A8E1CD37-8D21-40D4-AEE9-AF415F4804AD}.Release|Any CPU.Build.0 = Release|Any CPU
	EndGlobalSection
	GlobalSection(SolutionProperties) = preSolution
		HideSolutionNode = FALSE
	EndGlobalSection
	GlobalSection(ExtensibilityGlobals) = postSolution
		SolutionGuid = {66790202-DDED-4094-AE4D-01F55B628BAA}
	EndGlobalSection
EndGlobal
